
Microsoft Visual Studio Solution File, Format Version 12.00
# Visual Studio 15
VisualStudioVersion = 15.0.28307.572
MinimumVisualStudioVersion = 10.0.40219.1
Project("{8BC9CEB8-8B4A-11D0-8D11-00A0C91BC942}") = "Lab_MPI", "Lab_MPI\Lab_MPI.vcxproj", "{BB41BAB6-7549-44A3-BCEE-44C0287A75D5}"
EndProject
Global
	GlobalSection(SolutionConfigurationPlatforms) = preSolution
		Debug|x64 = Debug|x64
		Debug|x86 = Debug|x86
		Release|x64 = Release|x64
		Release|x86 = Release|x86
	EndGlobalSection
	GlobalSection(ProjectConfigurationPlatforms) = postSolution
		{BB41BAB6-7549-44A3-BCEE-44C0287A75D5}.Debug|x64.ActiveCfg = Debug|x64
		{BB41BAB6-7549-44A3-BCEE-44C0287A75D5}.Debug|x64.Build.0 = Debug|x64
		{BB41BAB6-7549-44A3-BCEE-44C0287A75D5}.Debug|x86.ActiveCfg = Debug|Win32
		{BB41BAB6-7549-44A3-BCEE-44C0287A75D5}.Debug|x86.Build.0 = Debug|Win32
		{BB41BAB6-7549-44A3-BCEE-44C0287A75D5}.Release|x64.ActiveCfg = Release|x64
		{BB41BAB6-7549-44A3-BCEE-44C0287A75D5}.Release|x64.Build.0 = Release|x64
		{BB41BAB6-7549-44A3-BCEE-44C0287A75D5}.Release|x86.ActiveCfg = Release|Win32
		{BB41BAB6-7549-44A3-BCEE-44C0287A75D5}.Release|x86.Build.0 = Release|Win32
	EndGlobalSection
	GlobalSection(SolutionProperties) = preSolution
		HideSolutionNode = FALSE
	EndGlobalSection
	GlobalSection(ExtensibilityGlobals) = postSolution
		SolutionGuid = {0B031AD0-57FF-417B-A8BF-C18C74730162}
	EndGlobalSection
EndGlobal
